
Microsoft Visual Studio Solution File, Format Version 12.00
# Visual Studio 15
Project("{FAE04EC0-301F-11D3-BF4B-00C04F79EFBC}") = "EmployeeManagement", "EmployeeManagement\EmployeeManagement.csproj", "{BB142B68-2BA4-4C57-970F-5A0CB6DABCF1}"
EndProject
Project("{FAE04EC0-301F-11D3-BF4B-00C04F79EFBC}") = "EmployeeManagementTest", "EmployeeManagementTest\EmployeeManagementTest.csproj", "{43223A4D-A77C-4270-995D-FB0DC53EF277}"
EndProject
Global
	GlobalSection(SolutionConfigurationPlatforms) = preSolution
		Debug|Any CPU = Debug|Any CPU
		Release|Any CPU = Release|Any CPU
	EndGlobalSection
	GlobalSection(ProjectConfigurationPlatforms) = postSolution
		{BB142B68-2BA4-4C57-970F-5A0CB6DABCF1}.Debug|Any CPU.ActiveCfg = Debug|Any CPU
		{BB142B68-2BA4-4C57-970F-5A0CB6DABCF1}.Debug|Any CPU.Build.0 = Debug|Any CPU
		{BB142B68-2BA4-4C57-970F-5A0CB6DABCF1}.Release|Any CPU.ActiveCfg = Release|Any CPU
		{BB142B68-2BA4-4C57-970F-5A0CB6DABCF1}.Release|Any CPU.Build.0 = Release|Any CPU
		{43223A4D-A77C-4270-995D-FB0DC53EF277}.Debug|Any CPU.ActiveCfg = Debug|Any CPU
		{43223A4D-A77C-4270-995D-FB0DC53EF277}.Debug|Any CPU.Build.0 = Debug|Any CPU
		{43223A4D-A77C-4270-995D-FB0DC53EF277}.Release|Any CPU.ActiveCfg = Release|Any CPU
		{43223A4D-A77C-4270-995D-FB0DC53EF277}.Release|Any CPU.Build.0 = Release|Any CPU
	EndGlobalSection
EndGlobal
